
Microsoft Visual Studio Solution File, Format Version 12.00
# Visual Studio Version 16
VisualStudioVersion = 16.0.28803.352
MinimumVisualStudioVersion = 10.0.40219.1
Project("{9A19103F-16F7-4668-BE54-9A1E7A4F7556}") = "TestDecoratorPattern", "TestDecoratorPattern\TestDecoratorPattern.csproj", "{ECA0B3E2-9FC1-435A-A3E8-8DE34DE0EB08}"
EndProject
Project("{9A19103F-16F7-4668-BE54-9A1E7A4F7556}") = "MicroNetCore", "MicroNetCore\MicroNetCore.csproj", "{36C6CF42-D2BD-4FCE-B789-A53FEA6DBF15}"
EndProject
Project("{9A19103F-16F7-4668-BE54-9A1E7A4F7556}") = "DelegateAndEvent", "DelegateAndEvent\DelegateAndEvent.csproj", "{BEC32923-A974-4D36-ADC1-BD402E6894ED}"
EndProject
Project("{9A19103F-16F7-4668-BE54-9A1E7A4F7556}") = "FunctionalProgram", "FunctionalProgram\FunctionalProgram.csproj", "{4DDDD672-5DB2-4C49-BACE-0675C45050DE}"
EndProject
Project("{9A19103F-16F7-4668-BE54-9A1E7A4F7556}") = "ConfigDemo", "ConfigDemo\ConfigDemo.csproj", "{710049CD-86F7-44EB-8634-59A2D6B1FC24}"
EndProject
Project("{9A19103F-16F7-4668-BE54-9A1E7A4F7556}") = "TestConsole", "TestConsole\TestConsole.csproj", "{EB035929-45AD-4569-94D3-B0E6168931B3}"
EndProject
Project("{9A19103F-16F7-4668-BE54-9A1E7A4F7556}") = "CodeInterview", "CodeInterview\CodeInterview.csproj", "{CB48BC61-B723-4603-9575-CC090B6EE640}"
EndProject
Project("{9A19103F-16F7-4668-BE54-9A1E7A4F7556}") = "ConsistentHash", "ConsistentHash\ConsistentHash.csproj", "{360B87DE-1132-4417-893A-B2AACD56D7FC}"
EndProject
Global
	GlobalSection(SolutionConfigurationPlatforms) = preSolution
		Debug|Any CPU = Debug|Any CPU
		Release|Any CPU = Release|Any CPU
	EndGlobalSection
	GlobalSection(ProjectConfigurationPlatforms) = postSolution
		{ECA0B3E2-9FC1-435A-A3E8-8DE34DE0EB08}.Debug|Any CPU.ActiveCfg = Debug|Any CPU
		{ECA0B3E2-9FC1-435A-A3E8-8DE34DE0EB08}.Debug|Any CPU.Build.0 = Debug|Any CPU
		{ECA0B3E2-9FC1-435A-A3E8-8DE34DE0EB08}.Release|Any CPU.ActiveCfg = Release|Any CPU
		{ECA0B3E2-9FC1-435A-A3E8-8DE34DE0EB08}.Release|Any CPU.Build.0 = Release|Any CPU
		{36C6CF42-D2BD-4FCE-B789-A53FEA6DBF15}.Debug|Any CPU.ActiveCfg = Debug|Any CPU
		{36C6CF42-D2BD-4FCE-B789-A53FEA6DBF15}.Debug|Any CPU.Build.0 = Debug|Any CPU
		{36C6CF42-D2BD-4FCE-B789-A53FEA6DBF15}.Release|Any CPU.ActiveCfg = Release|Any CPU
		{36C6CF42-D2BD-4FCE-B789-A53FEA6DBF15}.Release|Any CPU.Build.0 = Release|Any CPU
		{BEC32923-A974-4D36-ADC1-BD402E6894ED}.Debug|Any CPU.ActiveCfg = Debug|Any CPU
		{BEC32923-A974-4D36-ADC1-BD402E6894ED}.Debug|Any CPU.Build.0 = Debug|Any CPU
		{BEC32923-A974-4D36-ADC1-BD402E6894ED}.Release|Any CPU.ActiveCfg = Release|Any CPU
		{BEC32923-A974-4D36-ADC1-BD402E6894ED}.Release|Any CPU.Build.0 = Release|Any CPU
		{4DDDD672-5DB2-4C49-BACE-0675C45050DE}.Debug|Any CPU.ActiveCfg = Debug|Any CPU
		{4DDDD672-5DB2-4C49-BACE-0675C45050DE}.Debug|Any CPU.Build.0 = Debug|Any CPU
		{4DDDD672-5DB2-4C49-BACE-0675C45050DE}.Release|Any CPU.ActiveCfg = Release|Any CPU
		{4DDDD672-5DB2-4C49-BACE-0675C45050DE}.Release|Any CPU.Build.0 = Release|Any CPU
		{710049CD-86F7-44EB-8634-59A2D6B1FC24}.Debug|Any CPU.ActiveCfg = Debug|Any CPU
		{710049CD-86F7-44EB-8634-59A2D6B1FC24}.Debug|Any CPU.Build.0 = Debug|Any CPU
		{710049CD-86F7-44EB-8634-59A2D6B1FC24}.Release|Any CPU.ActiveCfg = Release|Any CPU
		{710049CD-86F7-44EB-8634-59A2D6B1FC24}.Release|Any CPU.Build.0 = Release|Any CPU
		{EB035929-45AD-4569-94D3-B0E6168931B3}.Debug|Any CPU.ActiveCfg = Debug|Any CPU
		{EB035929-45AD-4569-94D3-B0E6168931B3}.Debug|Any CPU.Build.0 = Debug|Any CPU
		{EB035929-45AD-4569-94D3-B0E6168931B3}.Release|Any CPU.ActiveCfg = Release|Any CPU
		{EB035929-45AD-4569-94D3-B0E6168931B3}.Release|Any CPU.Build.0 = Release|Any CPU
		{CB48BC61-B723-4603-9575-CC090B6EE640}.Debug|Any CPU.ActiveCfg = Debug|Any CPU
		{CB48BC61-B723-4603-9575-CC090B6EE640}.Debug|Any CPU.Build.0 = Debug|Any CPU
		{CB48BC61-B723-4603-9575-CC090B6EE640}.Release|Any CPU.ActiveCfg = Release|Any CPU
		{CB48BC61-B723-4603-9575-CC090B6EE640}.Release|Any CPU.Build.0 = Release|Any CPU
		{360B87DE-1132-4417-893A-B2AACD56D7FC}.Debug|Any CPU.ActiveCfg = Debug|Any CPU
		{360B87DE-1132-4417-893A-B2AACD56D7FC}.Debug|Any CPU.Build.0 = Debug|Any CPU
		{360B87DE-1132-4417-893A-B2AACD56D7FC}.Release|Any CPU.ActiveCfg = Release|Any CPU
		{360B87DE-1132-4417-893A-B2AACD56D7FC}.Release|Any CPU.Build.0 = Release|Any CPU
	EndGlobalSection
	GlobalSection(SolutionProperties) = preSolution
		HideSolutionNode = FALSE
	EndGlobalSection
	GlobalSection(ExtensibilityGlobals) = postSolution
		SolutionGuid = {E2570311-322C-4517-86C9-2E5CA68E08ED}
	EndGlobalSection
EndGlobal
